
Microsoft Visual Studio Solution File, Format Version 12.00
# Visual Studio 15
VisualStudioVersion = 15.0.34031.82
MinimumVisualStudioVersion = 10.0.40219.1
Project("{8BC9CEB8-8B4A-11D0-8D11-00A0C91BC942}") = "WDML-MOD", "WDML-MOD\WDML-MOD.vcxproj", "{61748C91-20EA-4F71-9D7D-DF33AB7A98BD}"
EndProject
Global
	GlobalSection(SolutionConfigurationPlatforms) = preSolution
		Debug|x64 = Debug|x64
		Debug|x86 = Debug|x86
		Release|x64 = Release|x64
		Release|x86 = Release|x86
	EndGlobalSection
	GlobalSection(ProjectConfigurationPlatforms) = postSolution
		{61748C91-20EA-4F71-9D7D-DF33AB7A98BD}.Debug|x64.ActiveCfg = Debug|x64
		{61748C91-20EA-4F71-9D7D-DF33AB7A98BD}.Debug|x64.Build.0 = Debug|x64
		{61748C91-20EA-4F71-9D7D-DF33AB7A98BD}.Debug|x86.ActiveCfg = Debug|Win32
		{61748C91-20EA-4F71-9D7D-DF33AB7A98BD}.Debug|x86.Build.0 = Debug|Win32
		{61748C91-20EA-4F71-9D7D-DF33AB7A98BD}.Release|x64.ActiveCfg = Release|x64
		{61748C91-20EA-4F71-9D7D-DF33AB7A98BD}.Release|x64.Build.0 = Release|x64
		{61748C91-20EA-4F71-9D7D-DF33AB7A98BD}.Release|x86.ActiveCfg = Release|Win32
		{61748C91-20EA-4F71-9D7D-DF33AB7A98BD}.Release|x86.Build.0 = Release|Win32
	EndGlobalSection
	GlobalSection(SolutionProperties) = preSolution
		HideSolutionNode = FALSE
	EndGlobalSection
	GlobalSection(ExtensibilityGlobals) = postSolution
		SolutionGuid = {BC6207A2-437B-43B9-93A4-99778A08009F}
	EndGlobalSection
EndGlobal
